
Microsoft Visual Studio Solution File, Format Version 12.00
# Visual Studio Version 17
VisualStudioVersion = 17.5.2.0
MinimumVisualStudioVersion = 10.0.40219.1
Project("{FAE04EC0-301F-11D3-BF4B-00C04F79EFBC}") = "Test", "Test\Test.csproj", "{0A1E64AE-D0ED-E6EE-0445-2888C87C6BF3}"
EndProject
Project("{2150E333-8FDC-42A3-9474-1A3956D46DE8}") = "Betas_Interminados", "Betas_Interminados", "{5D3E8C0B-CF34-77D0-710D-4F6109B962C6}"
EndProject
Project("{2150E333-8FDC-42A3-9474-1A3956D46DE8}") = "Aulas", "Aulas", "{4FECCC84-D217-E75D-91E1-4C260E7F63EA}"
EndProject
Project("{FAE04EC0-301F-11D3-BF4B-00C04F79EFBC}") = "teste_bird", "Betas_Interminados\teste_bird\teste_bird.csproj", "{34358F29-712E-B227-24A1-E9B9D36705C2}"
EndProject
Project("{2150E333-8FDC-42A3-9474-1A3956D46DE8}") = "Aula3_Anderi_ClonagemRepertorio", "Aula3_Anderi_ClonagemRepertorio", "{E2080CF0-637F-B754-4FAF-2D7C80A929DF}"
EndProject
Project("{FAE04EC0-301F-11D3-BF4B-00C04F79EFBC}") = "Hello", "Aulas\Aula3_Anderi_ClonagemRepertorio\Hello\Hello.csproj", "{B3FEFDEC-B8C6-789B-C4B5-410C428836E6}"
EndProject
Project("{2150E333-8FDC-42A3-9474-1A3956D46DE8}") = "Hi_Word", "Hi_Word", "{C9233540-DCDB-5204-63AB-4E77517EADB0}"
EndProject
Project("{2150E333-8FDC-42A3-9474-1A3956D46DE8}") = "hello", "hello", "{7CF0E624-B79D-C6AA-57F8-03B30EA05778}"
EndProject
Project("{FAE04EC0-301F-11D3-BF4B-00C04F79EFBC}") = "Hi_Word", "Aulas\Aula3_Anderi_ClonagemRepertorio\Hi_Word\hello\Hi_Word.csproj", "{8B4E8280-6123-794A-7544-491F63A95BAE}"
EndProject
Project("{FAE04EC0-301F-11D3-BF4B-00C04F79EFBC}") = "QuizBIRD", "QuizBIRD\QuizBIRD.csproj", "{92529AD8-D9B1-46D3-9AC9-8FA00003884E}"
EndProject
Project("{FAE04EC0-301F-11D3-BF4B-00C04F79EFBC}") = "Quiz_Bird", "Quiz_Bird\Quiz_Bird.csproj", "{F52F1665-FC7A-4AA1-BECA-2707BC011081}"
EndProject
Project("{2150E333-8FDC-42A3-9474-1A3956D46DE8}") = "Aula4_Anderi", "Aula4_Anderi", "{AF74F8A8-E363-5EAE-25E8-06579F7B1DC0}"
EndProject
Project("{2150E333-8FDC-42A3-9474-1A3956D46DE8}") = "1", "1", "{458BC2E0-6D70-D8FE-F368-352F7549BE17}"
EndProject
Project("{FAE04EC0-301F-11D3-BF4B-00C04F79EFBC}") = "Leitor_Codigo", "Aulas\Aula4_Anderi\1\Leitor_Codigo\Leitor_Codigo.csproj", "{208A86A8-60FC-4A45-95AC-9BFCD6F6DD99}"
EndProject
Project("{2150E333-8FDC-42A3-9474-1A3956D46DE8}") = "2", "2", "{11209F66-45F8-B5B4-8F9C-E7C99C795721}"
EndProject
Project("{FAE04EC0-301F-11D3-BF4B-00C04F79EFBC}") = "Classe_Rpg", "Aulas\Aula4_Anderi\2\Classe_Rpg\Classe_Rpg.csproj", "{CA95BCDD-DDB2-463F-9ACF-2C3BB45A6F19}"
EndProject
Global
	GlobalSection(SolutionConfigurationPlatforms) = preSolution
		Debug|Any CPU = Debug|Any CPU
		Debug|x64 = Debug|x64
		Debug|x86 = Debug|x86
		Release|Any CPU = Release|Any CPU
		Release|x64 = Release|x64
		Release|x86 = Release|x86
	EndGlobalSection
	GlobalSection(ProjectConfigurationPlatforms) = postSolution
		{0A1E64AE-D0ED-E6EE-0445-2888C87C6BF3}.Debug|Any CPU.ActiveCfg = Debug|Any CPU
		{0A1E64AE-D0ED-E6EE-0445-2888C87C6BF3}.Debug|Any CPU.Build.0 = Debug|Any CPU
		{0A1E64AE-D0ED-E6EE-0445-2888C87C6BF3}.Debug|x64.ActiveCfg = Debug|Any CPU
		{0A1E64AE-D0ED-E6EE-0445-2888C87C6BF3}.Debug|x64.Build.0 = Debug|Any CPU
		{0A1E64AE-D0ED-E6EE-0445-2888C87C6BF3}.Debug|x86.ActiveCfg = Debug|Any CPU
		{0A1E64AE-D0ED-E6EE-0445-2888C87C6BF3}.Debug|x86.Build.0 = Debug|Any CPU
		{0A1E64AE-D0ED-E6EE-0445-2888C87C6BF3}.Release|Any CPU.ActiveCfg = Release|Any CPU
		{0A1E64AE-D0ED-E6EE-0445-2888C87C6BF3}.Release|Any CPU.Build.0 = Release|Any CPU
		{0A1E64AE-D0ED-E6EE-0445-2888C87C6BF3}.Release|x64.ActiveCfg = Release|Any CPU
		{0A1E64AE-D0ED-E6EE-0445-2888C87C6BF3}.Release|x64.Build.0 = Release|Any CPU
		{0A1E64AE-D0ED-E6EE-0445-2888C87C6BF3}.Release|x86.ActiveCfg = Release|Any CPU
		{0A1E64AE-D0ED-E6EE-0445-2888C87C6BF3}.Release|x86.Build.0 = Release|Any CPU
		{34358F29-712E-B227-24A1-E9B9D36705C2}.Debug|Any CPU.ActiveCfg = Debug|Any CPU
		{34358F29-712E-B227-24A1-E9B9D36705C2}.Debug|Any CPU.Build.0 = Debug|Any CPU
		{34358F29-712E-B227-24A1-E9B9D36705C2}.Debug|x64.ActiveCfg = Debug|Any CPU
		{34358F29-712E-B227-24A1-E9B9D36705C2}.Debug|x64.Build.0 = Debug|Any CPU
		{34358F29-712E-B227-24A1-E9B9D36705C2}.Debug|x86.ActiveCfg = Debug|Any CPU
		{34358F29-712E-B227-24A1-E9B9D36705C2}.Debug|x86.Build.0 = Debug|Any CPU
		{34358F29-712E-B227-24A1-E9B9D36705C2}.Release|Any CPU.ActiveCfg = Release|Any CPU
		{34358F29-712E-B227-24A1-E9B9D36705C2}.Release|Any CPU.Build.0 = Release|Any CPU
		{34358F29-712E-B227-24A1-E9B9D36705C2}.Release|x64.ActiveCfg = Release|Any CPU
		{34358F29-712E-B227-24A1-E9B9D36705C2}.Release|x64.Build.0 = Release|Any CPU
		{34358F29-712E-B227-24A1-E9B9D36705C2}.Release|x86.ActiveCfg = Release|Any CPU
		{34358F29-712E-B227-24A1-E9B9D36705C2}.Release|x86.Build.0 = Release|Any CPU
		{B3FEFDEC-B8C6-789B-C4B5-410C428836E6}.Debug|Any CPU.ActiveCfg = Debug|Any CPU
		{B3FEFDEC-B8C6-789B-C4B5-410C428836E6}.Debug|Any CPU.Build.0 = Debug|Any CPU
		{B3FEFDEC-B8C6-789B-C4B5-410C428836E6}.Debug|x64.ActiveCfg = Debug|Any CPU
		{B3FEFDEC-B8C6-789B-C4B5-410C428836E6}.Debug|x64.Build.0 = Debug|Any CPU
		{B3FEFDEC-B8C6-789B-C4B5-410C428836E6}.Debug|x86.ActiveCfg = Debug|Any CPU
		{B3FEFDEC-B8C6-789B-C4B5-410C428836E6}.Debug|x86.Build.0 = Debug|Any CPU
		{B3FEFDEC-B8C6-789B-C4B5-410C428836E6}.Release|Any CPU.ActiveCfg = Release|Any CPU
		{B3FEFDEC-B8C6-789B-C4B5-410C428836E6}.Release|Any CPU.Build.0 = Release|Any CPU
		{B3FEFDEC-B8C6-789B-C4B5-410C428836E6}.Release|x64.ActiveCfg = Release|Any CPU
		{B3FEFDEC-B8C6-789B-C4B5-410C428836E6}.Release|x64.Build.0 = Release|Any CPU
		{B3FEFDEC-B8C6-789B-C4B5-410C428836E6}.Release|x86.ActiveCfg = Release|Any CPU
		{B3FEFDEC-B8C6-789B-C4B5-410C428836E6}.Release|x86.Build.0 = Release|Any CPU
		{8B4E8280-6123-794A-7544-491F63A95BAE}.Debug|Any CPU.ActiveCfg = Debug|Any CPU
		{8B4E8280-6123-794A-7544-491F63A95BAE}.Debug|Any CPU.Build.0 = Debug|Any CPU
		{8B4E8280-6123-794A-7544-491F63A95BAE}.Debug|x64.ActiveCfg = Debug|Any CPU
		{8B4E8280-6123-794A-7544-491F63A95BAE}.Debug|x64.Build.0 = Debug|Any CPU
		{8B4E8280-6123-794A-7544-491F63A95BAE}.Debug|x86.ActiveCfg = Debug|Any CPU
		{8B4E8280-6123-794A-7544-491F63A95BAE}.Debug|x86.Build.0 = Debug|Any CPU
		{8B4E8280-6123-794A-7544-491F63A95BAE}.Release|Any CPU.ActiveCfg = Release|Any CPU
		{8B4E8280-6123-794A-7544-491F63A95BAE}.Release|Any CPU.Build.0 = Release|Any CPU
		{8B4E8280-6123-794A-7544-491F63A95BAE}.Release|x64.ActiveCfg = Release|Any CPU
		{8B4E8280-6123-794A-7544-491F63A95BAE}.Release|x64.Build.0 = Release|Any CPU
		{8B4E8280-6123-794A-7544-491F63A95BAE}.Release|x86.ActiveCfg = Release|Any CPU
		{8B4E8280-6123-794A-7544-491F63A95BAE}.Release|x86.Build.0 = Release|Any CPU
		{92529AD8-D9B1-46D3-9AC9-8FA00003884E}.Debug|Any CPU.ActiveCfg = Debug|Any CPU
		{92529AD8-D9B1-46D3-9AC9-8FA00003884E}.Debug|Any CPU.Build.0 = Debug|Any CPU
		{92529AD8-D9B1-46D3-9AC9-8FA00003884E}.Debug|x64.ActiveCfg = Debug|Any CPU
		{92529AD8-D9B1-46D3-9AC9-8FA00003884E}.Debug|x64.Build.0 = Debug|Any CPU
		{92529AD8-D9B1-46D3-9AC9-8FA00003884E}.Debug|x86.ActiveCfg = Debug|Any CPU
		{92529AD8-D9B1-46D3-9AC9-8FA00003884E}.Debug|x86.Build.0 = Debug|Any CPU
		{92529AD8-D9B1-46D3-9AC9-8FA00003884E}.Release|Any CPU.ActiveCfg = Release|Any CPU
		{92529AD8-D9B1-46D3-9AC9-8FA00003884E}.Release|Any CPU.Build.0 = Release|Any CPU
		{92529AD8-D9B1-46D3-9AC9-8FA00003884E}.Release|x64.ActiveCfg = Release|Any CPU
		{92529AD8-D9B1-46D3-9AC9-8FA00003884E}.Release|x64.Build.0 = Release|Any CPU
		{92529AD8-D9B1-46D3-9AC9-8FA00003884E}.Release|x86.ActiveCfg = Release|Any CPU
		{92529AD8-D9B1-46D3-9AC9-8FA00003884E}.Release|x86.Build.0 = Release|Any CPU
		{F52F1665-FC7A-4AA1-BECA-2707BC011081}.Debug|Any CPU.ActiveCfg = Debug|Any CPU
		{F52F1665-FC7A-4AA1-BECA-2707BC011081}.Debug|Any CPU.Build.0 = Debug|Any CPU
		{F52F1665-FC7A-4AA1-BECA-2707BC011081}.Debug|x64.ActiveCfg = Debug|Any CPU
		{F52F1665-FC7A-4AA1-BECA-2707BC011081}.Debug|x64.Build.0 = Debug|Any CPU
		{F52F1665-FC7A-4AA1-BECA-2707BC011081}.Debug|x86.ActiveCfg = Debug|Any CPU
		{F52F1665-FC7A-4AA1-BECA-2707BC011081}.Debug|x86.Build.0 = Debug|Any CPU
		{F52F1665-FC7A-4AA1-BECA-2707BC011081}.Release|Any CPU.ActiveCfg = Release|Any CPU
		{F52F1665-FC7A-4AA1-BECA-2707BC011081}.Release|Any CPU.Build.0 = Release|Any CPU
		{F52F1665-FC7A-4AA1-BECA-2707BC011081}.Release|x64.ActiveCfg = Release|Any CPU
		{F52F1665-FC7A-4AA1-BECA-2707BC011081}.Release|x64.Build.0 = Release|Any CPU
		{F52F1665-FC7A-4AA1-BECA-2707BC011081}.Release|x86.ActiveCfg = Release|Any CPU
		{F52F1665-FC7A-4AA1-BECA-2707BC011081}.Release|x86.Build.0 = Release|Any CPU
		{208A86A8-60FC-4A45-95AC-9BFCD6F6DD99}.Debug|Any CPU.ActiveCfg = Debug|Any CPU
		{208A86A8-60FC-4A45-95AC-9BFCD6F6DD99}.Debug|Any CPU.Build.0 = Debug|Any CPU
		{208A86A8-60FC-4A45-95AC-9BFCD6F6DD99}.Debug|x64.ActiveCfg = Debug|Any CPU
		{208A86A8-60FC-4A45-95AC-9BFCD6F6DD99}.Debug|x64.Build.0 = Debug|Any CPU
		{208A86A8-60FC-4A45-95AC-9BFCD6F6DD99}.Debug|x86.ActiveCfg = Debug|Any CPU
		{208A86A8-60FC-4A45-95AC-9BFCD6F6DD99}.Debug|x86.Build.0 = Debug|Any CPU
		{208A86A8-60FC-4A45-95AC-9BFCD6F6DD99}.Release|Any CPU.ActiveCfg = Release|Any CPU
		{208A86A8-60FC-4A45-95AC-9BFCD6F6DD99}.Release|Any CPU.Build.0 = Release|Any CPU
		{208A86A8-60FC-4A45-95AC-9BFCD6F6DD99}.Release|x64.ActiveCfg = Release|Any CPU
		{208A86A8-60FC-4A45-95AC-9BFCD6F6DD99}.Release|x64.Build.0 = Release|Any CPU
		{208A86A8-60FC-4A45-95AC-9BFCD6F6DD99}.Release|x86.ActiveCfg = Release|Any CPU
		{208A86A8-60FC-4A45-95AC-9BFCD6F6DD99}.Release|x86.Build.0 = Release|Any CPU
		{CA95BCDD-DDB2-463F-9ACF-2C3BB45A6F19}.Debug|Any CPU.ActiveCfg = Debug|Any CPU
		{CA95BCDD-DDB2-463F-9ACF-2C3BB45A6F19}.Debug|Any CPU.Build.0 = Debug|Any CPU
		{CA95BCDD-DDB2-463F-9ACF-2C3BB45A6F19}.Debug|x64.ActiveCfg = Debug|Any CPU
		{CA95BCDD-DDB2-463F-9ACF-2C3BB45A6F19}.Debug|x64.Build.0 = Debug|Any CPU
		{CA95BCDD-DDB2-463F-9ACF-2C3BB45A6F19}.Debug|x86.ActiveCfg = Debug|Any CPU
		{CA95BCDD-DDB2-463F-9ACF-2C3BB45A6F19}.Debug|x86.Build.0 = Debug|Any CPU
		{CA95BCDD-DDB2-463F-9ACF-2C3BB45A6F19}.Release|Any CPU.ActiveCfg = Release|Any CPU
		{CA95BCDD-DDB2-463F-9ACF-2C3BB45A6F19}.Release|Any CPU.Build.0 = Release|Any CPU
		{CA95BCDD-DDB2-463F-9ACF-2C3BB45A6F19}.Release|x64.ActiveCfg = Release|Any CPU
		{CA95BCDD-DDB2-463F-9ACF-2C3BB45A6F19}.Release|x64.Build.0 = Release|Any CPU
		{CA95BCDD-DDB2-463F-9ACF-2C3BB45A6F19}.Release|x86.ActiveCfg = Release|Any CPU
		{CA95BCDD-DDB2-463F-9ACF-2C3BB45A6F19}.Release|x86.Build.0 = Release|Any CPU
	EndGlobalSection
	GlobalSection(SolutionProperties) = preSolution
		HideSolutionNode = FALSE
	EndGlobalSection
	GlobalSection(NestedProjects) = preSolution
		{34358F29-712E-B227-24A1-E9B9D36705C2} = {5D3E8C0B-CF34-77D0-710D-4F6109B962C6}
		{E2080CF0-637F-B754-4FAF-2D7C80A929DF} = {4FECCC84-D217-E75D-91E1-4C260E7F63EA}
		{B3FEFDEC-B8C6-789B-C4B5-410C428836E6} = {E2080CF0-637F-B754-4FAF-2D7C80A929DF}
		{C9233540-DCDB-5204-63AB-4E77517EADB0} = {E2080CF0-637F-B754-4FAF-2D7C80A929DF}
		{7CF0E624-B79D-C6AA-57F8-03B30EA05778} = {C9233540-DCDB-5204-63AB-4E77517EADB0}
		{8B4E8280-6123-794A-7544-491F63A95BAE} = {7CF0E624-B79D-C6AA-57F8-03B30EA05778}
		{AF74F8A8-E363-5EAE-25E8-06579F7B1DC0} = {4FECCC84-D217-E75D-91E1-4C260E7F63EA}
		{458BC2E0-6D70-D8FE-F368-352F7549BE17} = {AF74F8A8-E363-5EAE-25E8-06579F7B1DC0}
		{208A86A8-60FC-4A45-95AC-9BFCD6F6DD99} = {458BC2E0-6D70-D8FE-F368-352F7549BE17}
		{11209F66-45F8-B5B4-8F9C-E7C99C795721} = {AF74F8A8-E363-5EAE-25E8-06579F7B1DC0}
		{CA95BCDD-DDB2-463F-9ACF-2C3BB45A6F19} = {11209F66-45F8-B5B4-8F9C-E7C99C795721}
	EndGlobalSection
	GlobalSection(ExtensibilityGlobals) = postSolution
		SolutionGuid = {33B88F88-8B08-42A0-A7C7-FF9BC5F4E9DB}
	EndGlobalSection
EndGlobal
